// !$*UTF8*$!
{
	archiveVersion = 1;
	classes = {
	};
	objectVersion = 55;
	objects = {

/* Begin PBXBuildFile section */
		FACC06022871A3150088C2B4 /* Tests_iOS.swift in Sources */ = {isa = PBXBuildFile; fileRef = FACC06012871A3150088C2B4 /* Tests_iOS.swift */; };
		FACC06042871A3150088C2B4 /* Tests_iOSLaunchTests.swift in Sources */ = {isa = PBXBuildFile; fileRef = FACC06032871A3150088C2B4 /* Tests_iOSLaunchTests.swift */; };
		FACC060E2871A3150088C2B4 /* Tests_macOS.swift in Sources */ = {isa = PBXBuildFile; fileRef = FACC060D2871A3150088C2B4 /* Tests_macOS.swift */; };
		FACC06102871A3150088C2B4 /* Tests_macOSLaunchTests.swift in Sources */ = {isa = PBXBuildFile; fileRef = FACC060F2871A3150088C2B4 /* Tests_macOSLaunchTests.swift */; };
		FACC06112871A3150088C2B4 /* MatchedGeometryEffectApp.swift in Sources */ = {isa = PBXBuildFile; fileRef = FACC05E92871A3100088C2B4 /* MatchedGeometryEffectApp.swift */; };
		FACC06122871A3150088C2B4 /* MatchedGeometryEffectApp.swift in Sources */ = {isa = PBXBuildFile; fileRef = FACC05E92871A3100088C2B4 /* MatchedGeometryEffectApp.swift */; };
		FACC06132871A3150088C2B4 /* ContentView.swift in Sources */ = {isa = PBXBuildFile; fileRef = FACC05EA2871A3100088C2B4 /* ContentView.swift */; };
		FACC06142871A3150088C2B4 /* ContentView.swift in Sources */ = {isa = PBXBuildFile; fileRef = FACC05EA2871A3100088C2B4 /* ContentView.swift */; };
		FACC06152871A3150088C2B4 /* Assets.xcassets in Resources */ = {isa = PBXBuildFile; fileRef = FACC05EB2871A3150088C2B4 /* Assets.xcassets */; };
		FACC06162871A3150088C2B4 /* Assets.xcassets in Resources */ = {isa = PBXBuildFile; fileRef = FACC05EB2871A3150088C2B4 /* Assets.xcassets */; };
		FACC06292871E5D30088C2B4 /* DetailView.swift in Sources */ = {isa = PBXBuildFile; fileRef = FACC06282871E5D30088C2B4 /* DetailView.swift */; };
		FACC062A2871E5D30088C2B4 /* DetailView.swift in Sources */ = {isa = PBXBuildFile; fileRef = FACC06282871E5D30088C2B4 /* DetailView.swift */; };
		FACC062C2871E6A10088C2B4 /* ItemView.swift in Sources */ = {isa = PBXBuildFile; fileRef = FACC062B2871E6A10088C2B4 /* ItemView.swift */; };
		FACC062D2871E6A10088C2B4 /* ItemView.swift in Sources */ = {isa = PBXBuildFile; fileRef = FACC062B2871E6A10088C2B4 /* ItemView.swift */; };
/* End PBXBuildFile section */

/* Begin PBXContainerItemProxy section */
		FACC05FE2871A3150088C2B4 /* PBXContainerItemProxy */ = {
			isa = PBXContainerItemProxy;
			containerPortal = FACC05E42871A3100088C2B4 /* Project object */;
			proxyType = 1;
			remoteGlobalIDString = FACC05EF2871A3150088C2B4;
			remoteInfo = "MatchedGeometryEffect (iOS)";
		};
		FACC060A2871A3150088C2B4 /* PBXContainerItemProxy */ = {
			isa = PBXContainerItemProxy;
			containerPortal = FACC05E42871A3100088C2B4 /* Project object */;
			proxyType = 1;
			remoteGlobalIDString = FACC05F52871A3150088C2B4;
			remoteInfo = "MatchedGeometryEffect (macOS)";
		};
/* End PBXContainerItemProxy section */

/* Begin PBXFileReference section */
		FACC05E92871A3100088C2B4 /* MatchedGeometryEffectApp.swift */ = {isa = PBXFileReference; lastKnownFileType = sourcecode.swift; path = MatchedGeometryEffectApp.swift; sourceTree = "<group>"; };
		FACC05EA2871A3100088C2B4 /* ContentView.swift */ = {isa = PBXFileReference; lastKnownFileType = sourcecode.swift; path = ContentView.swift; sourceTree = "<group>"; };
		FACC05EB2871A3150088C2B4 /* Assets.xcassets */ = {isa = PBXFileReference; lastKnownFileType = folder.assetcatalog; path = Assets.xcassets; sourceTree = "<group>"; };
		FACC05F02871A3150088C2B4 /* MatchedGeometryEffect.app */ = {isa = PBXFileReference; explicitFileType = wrapper.application; includeInIndex = 0; path = MatchedGeometryEffect.app; sourceTree = BUILT_PRODUCTS_DIR; };
		FACC05F62871A3150088C2B4 /* MatchedGeometryEffect.app */ = {isa = PBXFileReference; explicitFileType = wrapper.application; includeInIndex = 0; path = MatchedGeometryEffect.app; sourceTree = BUILT_PRODUCTS_DIR; };
		FACC05F82871A3150088C2B4 /* macOS.entitlements */ = {isa = PBXFileReference; lastKnownFileType = text.plist.entitlements; path = macOS.entitlements; sourceTree = "<group>"; };
		FACC05FD2871A3150088C2B4 /* Tests iOS.xctest */ = {isa = PBXFileReference; explicitFileType = wrapper.cfbundle; includeInIndex = 0; path = "Tests iOS.xctest"; sourceTree = BUILT_PRODUCTS_DIR; };
		FACC06012871A3150088C2B4 /* Tests_iOS.swift */ = {isa = PBXFileReference; lastKnownFileType = sourcecode.swift; path = Tests_iOS.swift; sourceTree = "<group>"; };
		FACC06032871A3150088C2B4 /* Tests_iOSLaunchTests.swift */ = {isa = PBXFileReference; lastKnownFileType = sourcecode.swift; path = Tests_iOSLaunchTests.swift; sourceTree = "<group>"; };
		FACC06092871A3150088C2B4 /* Tests macOS.xctest */ = {isa = PBXFileReference; explicitFileType = wrapper.cfbundle; includeInIndex = 0; path = "Tests macOS.xctest"; sourceTree = BUILT_PRODUCTS_DIR; };
		FACC060D2871A3150088C2B4 /* Tests_macOS.swift */ = {isa = PBXFileReference; lastKnownFileType = sourcecode.swift; path = Tests_macOS.swift; sourceTree = "<group>"; };
		FACC060F2871A3150088C2B4 /* Tests_macOSLaunchTests.swift */ = {isa = PBXFileReference; lastKnownFileType = sourcecode.swift; path = Tests_macOSLaunchTests.swift; sourceTree = "<group>"; };
		FACC06282871E5D30088C2B4 /* DetailView.swift */ = {isa = PBXFileReference; lastKnownFileType = sourcecode.swift; path = DetailView.swift; sourceTree = "<group>"; };
		FACC062B2871E6A10088C2B4 /* ItemView.swift */ = {isa = PBXFileReference; lastKnownFileType = sourcecode.swift; path = ItemView.swift; sourceTree = "<group>"; };
/* End PBXFileReference section */

/* Begin PBXFrameworksBuildPhase section */
		FACC05ED2871A3150088C2B4 /* Frameworks */ = {
			isa = PBXFrameworksBuildPhase;
			buildActionMask = 2147483647;
			files = (
			);
			runOnlyForDeploymentPostprocessing = 0;
		};
		FACC05F32871A3150088C2B4 /* Frameworks */ = {
			isa = PBXFrameworksBuildPhase;
			buildActionMask = 2147483647;
			files = (
			);
			runOnlyForDeploymentPostprocessing = 0;
		};
		FACC05FA2871A3150088C2B4 /* Frameworks */ = {
			isa = PBXFrameworksBuildPhase;
			buildActionMask = 2147483647;
			files = (
			);
			runOnlyForDeploymentPostprocessing = 0;
		};
		FACC06062871A3150088C2B4 /* Frameworks */ = {
			isa = PBXFrameworksBuildPhase;
			buildActionMask = 2147483647;
			files = (
			);
			runOnlyForDeploymentPostprocessing = 0;
		};
/* End PBXFrameworksBuildPhase section */

/* Begin PBXGroup section */
		FACC05E32871A3100088C2B4 = {
			isa = PBXGroup;
			children = (
				FACC05E82871A3100088C2B4 /* Shared */,
				FACC05F72871A3150088C2B4 /* macOS */,
				FACC06002871A3150088C2B4 /* Tests iOS */,
				FACC060C2871A3150088C2B4 /* Tests macOS */,
				FACC05F12871A3150088C2B4 /* Products */,
			);
			sourceTree = "<group>";
		};
		FACC05E82871A3100088C2B4 /* Shared */ = {
			isa = PBXGroup;
			children = (
				FACC05E92871A3100088C2B4 /* MatchedGeometryEffectApp.swift */,
				FACC05EA2871A3100088C2B4 /* ContentView.swift */,
				FACC05EB2871A3150088C2B4 /* Assets.xcassets */,
				FACC06282871E5D30088C2B4 /* DetailView.swift */,
				FACC062B2871E6A10088C2B4 /* ItemView.swift */,
			);
			path = Shared;
			sourceTree = "<group>";
		};
		FACC05F12871A3150088C2B4 /* Products */ = {
			isa = PBXGroup;
			children = (
				FACC05F02871A3150088C2B4 /* MatchedGeometryEffect.app */,
				FACC05F62871A3150088C2B4 /* MatchedGeometryEffect.app */,
				FACC05FD2871A3150088C2B4 /* Tests iOS.xctest */,
				FACC06092871A3150088C2B4 /* Tests macOS.xctest */,
			);
			name = Products;
			sourceTree = "<group>";
		};
		FACC05F72871A3150088C2B4 /* macOS */ = {
			isa = PBXGroup;
			children = (
				FACC05F82871A3150088C2B4 /* macOS.entitlements */,
			);
			path = macOS;
			sourceTree = "<group>";
		};
		FACC06002871A3150088C2B4 /* Tests iOS */ = {
			isa = PBXGroup;
			children = (
				FACC06012871A3150088C2B4 /* Tests_iOS.swift */,
				FACC06032871A3150088C2B4 /* Tests_iOSLaunchTests.swift */,
			);
			path = "Tests iOS";
			sourceTree = "<group>";
		};
		FACC060C2871A3150088C2B4 /* Tests macOS */ = {
			isa = PBXGroup;
			children = (
				FACC060D2871A3150088C2B4 /* Tests_macOS.swift */,
				FACC060F2871A3150088C2B4 /* Tests_macOSLaunchTests.swift */,
			);
			path = "Tests macOS";
			sourceTree = "<group>";
		};
/* End PBXGroup section */

/* Begin PBXNativeTarget section */
		FACC05EF2871A3150088C2B4 /* MatchedGeometryEffect (iOS) */ = {
			isa = PBXNativeTarget;
			buildConfigurationList = FACC06192871A3150088C2B4 /* Build configuration list for PBXNativeTarget "MatchedGeometryEffect (iOS)" */;
			buildPhases = (
				FACC05EC2871A3150088C2B4 /* Sources */,
				FACC05ED2871A3150088C2B4 /* Frameworks */,
				FACC05EE2871A3150088C2B4 /* Resources */,
			);
			buildRules = (
			);
			dependencies = (
			);
			name = "MatchedGeometryEffect (iOS)";
			productName = "MatchedGeometryEffect (iOS)";
			productReference = FACC05F02871A3150088C2B4 /* MatchedGeometryEffect.app */;
			productType = "com.apple.product-type.application";
		};
		FACC05F52871A3150088C2B4 /* MatchedGeometryEffect (macOS) */ = {
			isa = PBXNativeTarget;
			buildConfigurationList = FACC061C2871A3150088C2B4 /* Build configuration list for PBXNativeTarget "MatchedGeometryEffect (macOS)" */;
			buildPhases = (
				FACC05F22871A3150088C2B4 /* Sources */,
				FACC05F32871A3150088C2B4 /* Frameworks */,
				FACC05F42871A3150088C2B4 /* Resources */,
			);
			buildRules = (
			);
			dependencies = (
			);
			name = "MatchedGeometryEffect (macOS)";
			productName = "MatchedGeometryEffect (macOS)";
			productReference = FACC05F62871A3150088C2B4 /* MatchedGeometryEffect.app */;
			productType = "com.apple.product-type.application";
		};
		FACC05FC2871A3150088C2B4 /* Tests iOS */ = {
			isa = PBXNativeTarget;
			buildConfigurationList = FACC061F2871A3150088C2B4 /* Build configuration list for PBXNativeTarget "Tests iOS" */;
			buildPhases = (
				FACC05F92871A3150088C2B4 /* Sources */,
				FACC05FA2871A3150088C2B4 /* Frameworks */,
				FACC05FB2871A3150088C2B4 /* Resources */,
			);
			buildRules = (
			);
			dependencies = (
				FACC05FF2871A3150088C2B4 /* PBXTargetDependency */,
			);
			name = "Tests iOS";
			productName = "Tests iOS";
			productReference = FACC05FD2871A3150088C2B4 /* Tests iOS.xctest */;
			productType = "com.apple.product-type.bundle.ui-testing";
		};
		FACC06082871A3150088C2B4 /* Tests macOS */ = {
			isa = PBXNativeTarget;
			buildConfigurationList = FACC06222871A3150088C2B4 /* Build configuration list for PBXNativeTarget "Tests macOS" */;
			buildPhases = (
				FACC06052871A3150088C2B4 /* Sources */,
				FACC06062871A3150088C2B4 /* Frameworks */,
				FACC06072871A3150088C2B4 /* Resources */,
			);
			buildRules = (
			);
			dependencies = (
				FACC060B2871A3150088C2B4 /* PBXTargetDependency */,
			);
			name = "Tests macOS";
			productName = "Tests macOS";
			productReference = FACC06092871A3150088C2B4 /* Tests macOS.xctest */;
			productType = "com.apple.product-type.bundle.ui-testing";
		};
/* End PBXNativeTarget section */

/* Begin PBXProject section */
		FACC05E42871A3100088C2B4 /* Project object */ = {
			isa = PBXProject;
			attributes = {
				BuildIndependentTargetsInParallel = 1;
				LastSwiftUpdateCheck = 1330;
				LastUpgradeCheck = 1330;
				TargetAttributes = {
					FACC05EF2871A3150088C2B4 = {
						CreatedOnToolsVersion = 13.3;
					};
					FACC05F52871A3150088C2B4 = {
						CreatedOnToolsVersion = 13.3;
					};
					FACC05FC2871A3150088C2B4 = {
						CreatedOnToolsVersion = 13.3;
						TestTargetID = FACC05EF2871A3150088C2B4;
					};
					FACC06082871A3150088C2B4 = {
						CreatedOnToolsVersion = 13.3;
						TestTargetID = FACC05F52871A3150088C2B4;
					};
				};
			};
			buildConfigurationList = FACC05E72871A3100088C2B4 /* Build configuration list for PBXProject "MatchedGeometryEffect" */;
			compatibilityVersion = "Xcode 13.0";
			developmentRegion = en;
			hasScannedForEncodings = 0;
			knownRegions = (
				en,
				Base,
			);
			mainGroup = FACC05E32871A3100088C2B4;
			productRefGroup = FACC05F12871A3150088C2B4 /* Products */;
			projectDirPath = "";
			projectRoot = "";
			targets = (
				FACC05EF2871A3150088C2B4 /* MatchedGeometryEffect (iOS) */,
				FACC05F52871A3150088C2B4 /* MatchedGeometryEffect (macOS) */,
				FACC05FC2871A3150088C2B4 /* Tests iOS */,
				FACC06082871A3150088C2B4 /* Tests macOS */,
			);
		};
/* End PBXProject section */

/* Begin PBXResourcesBuildPhase section */
		FACC05EE2871A3150088C2B4 /* Resources */ = {
			isa = PBXResourcesBuildPhase;
			buildActionMask = 2147483647;
			files = (
				FACC06152871A3150088C2B4 /* Assets.xcassets in Resources */,
			);
			runOnlyForDeploymentPostprocessing = 0;
		};
		FACC05F42871A3150088C2B4 /* Resources */ = {
			isa = PBXResourcesBuildPhase;
			buildActionMask = 2147483647;
			files = (
				FACC06162871A3150088C2B4 /* Assets.xcassets in Resources */,
			);
			runOnlyForDeploymentPostprocessing = 0;
		};
		FACC05FB2871A3150088C2B4 /* Resources */ = {
			isa = PBXResourcesBuildPhase;
			buildActionMask = 2147483647;
			files = (
			);
			runOnlyForDeploymentPostprocessing = 0;
		};
		FACC06072871A3150088C2B4 /* Resources */ = {
			isa = PBXResourcesBuildPhase;
			buildActionMask = 2147483647;
			files = (
			);
			runOnlyForDeploymentPostprocessing = 0;
		};
/* End PBXResourcesBuildPhase section */

/* Begin PBXSourcesBuildPhase section */
		FACC05EC2871A3150088C2B4 /* Sources */ = {
			isa = PBXSourcesBuildPhase;
			buildActionMask = 2147483647;
			files = (
				FACC06132871A3150088C2B4 /* ContentView.swift in Sources */,
				FACC06292871E5D30088C2B4 /* DetailView.swift in Sources */,
				FACC062C2871E6A10088C2B4 /* ItemView.swift in Sources */,
				FACC06112871A3150088C2B4 /* MatchedGeometryEffectApp.swift in Sources */,
			);
			runOnlyForDeploymentPostprocessing = 0;
		};
		FACC05F22871A3150088C2B4 /* Sources */ = {
			isa = PBXSourcesBuildPhase;
			buildActionMask = 2147483647;
			files = (
				FACC06142871A3150088C2B4 /* ContentView.swift in Sources */,
				FACC062A2871E5D30088C2B4 /* DetailView.swift in Sources */,
				FACC062D2871E6A10088C2B4 /* ItemView.swift in Sources */,
				FACC06122871A3150088C2B4 /* MatchedGeometryEffectApp.swift in Sources */,
			);
			runOnlyForDeploymentPostprocessing = 0;
		};
		FACC05F92871A3150088C2B4 /* Sources */ = {
			isa = PBXSourcesBuildPhase;
			buildActionMask = 2147483647;
			files = (
				FACC06042871A3150088C2B4 /* Tests_iOSLaunchTests.swift in Sources */,
				FACC06022871A3150088C2B4 /* Tests_iOS.swift in Sources */,
			);
			runOnlyForDeploymentPostprocessing = 0;
		};
		FACC06052871A3150088C2B4 /* Sources */ = {
			isa = PBXSourcesBuildPhase;
			buildActionMask = 2147483647;
			files = (
				FACC06102871A3150088C2B4 /* Tests_macOSLaunchTests.swift in Sources */,
				FACC060E2871A3150088C2B4 /* Tests_macOS.swift in Sources */,
			);
			runOnlyForDeploymentPostprocessing = 0;
		};
/* End PBXSourcesBuildPhase section */

/* Begin PBXTargetDependency section */
		FACC05FF2871A3150088C2B4 /* PBXTargetDependency */ = {
			isa = PBXTargetDependency;
			target = FACC05EF2871A3150088C2B4 /* MatchedGeometryEffect (iOS) */;
			targetProxy = FACC05FE2871A3150088C2B4 /* PBXContainerItemProxy */;
		};
		FACC060B2871A3150088C2B4 /* PBXTargetDependency */ = {
			isa = PBXTargetDependency;
			target = FACC05F52871A3150088C2B4 /* MatchedGeometryEffect (macOS) */;
			targetProxy = FACC060A2871A3150088C2B4 /* PBXContainerItemProxy */;
		};
/* End PBXTargetDependency section */

/* Begin XCBuildConfiguration section */
		FACC06172871A3150088C2B4 /* Debug */ = {
			isa = XCBuildConfiguration;
			buildSettings = {
				ALWAYS_SEARCH_USER_PATHS = NO;
				CLANG_ANALYZER_NONNULL = YES;
				CLANG_ANALYZER_NUMBER_OBJECT_CONVERSION = YES_AGGRESSIVE;
				CLANG_CXX_LANGUAGE_STANDARD = "gnu++17";
				CLANG_ENABLE_MODULES = YES;
				CLANG_ENABLE_OBJC_ARC = YES;
				CLANG_ENABLE_OBJC_WEAK = YES;
				CLANG_WARN_BLOCK_CAPTURE_AUTORELEASING = YES;
				CLANG_WARN_BOOL_CONVERSION = YES;
				CLANG_WARN_COMMA = YES;
				CLANG_WARN_CONSTANT_CONVERSION = YES;
				CLANG_WARN_DEPRECATED_OBJC_IMPLEMENTATIONS = YES;
				CLANG_WARN_DIRECT_OBJC_ISA_USAGE = YES_ERROR;
				CLANG_WARN_DOCUMENTATION_COMMENTS = YES;
				CLANG_WARN_EMPTY_BODY = YES;
				CLANG_WARN_ENUM_CONVERSION = YES;
				CLANG_WARN_INFINITE_RECURSION = YES;
				CLANG_WARN_INT_CONVERSION = YES;
				CLANG_WARN_NON_LITERAL_NULL_CONVERSION = YES;
				CLANG_WARN_OBJC_IMPLICIT_RETAIN_SELF = YES;
				CLANG_WARN_OBJC_LITERAL_CONVERSION = YES;
				CLANG_WARN_OBJC_ROOT_CLASS = YES_ERROR;
				CLANG_WARN_QUOTED_INCLUDE_IN_FRAMEWORK_HEADER = YES;
				CLANG_WARN_RANGE_LOOP_ANALYSIS = YES;
				CLANG_WARN_STRICT_PROTOTYPES = YES;
				CLANG_WARN_SUSPICIOUS_MOVE = YES;
				CLANG_WARN_UNGUARDED_AVAILABILITY = YES_AGGRESSIVE;
				CLANG_WARN_UNREACHABLE_CODE = YES;
				CLANG_WARN__DUPLICATE_METHOD_MATCH = YES;
				COPY_PHASE_STRIP = NO;
				DEBUG_INFORMATION_FORMAT = dwarf;
				ENABLE_STRICT_OBJC_MSGSEND = YES;
				ENABLE_TESTABILITY = YES;
				GCC_C_LANGUAGE_STANDARD = gnu11;
				GCC_DYNAMIC_NO_PIC = NO;
				GCC_NO_COMMON_BLOCKS = YES;
				GCC_OPTIMIZATION_LEVEL = 0;
				GCC_PREPROCESSOR_DEFINITIONS = (
					"DEBUG=1",
					"$(inherited)",
				);
				GCC_WARN_64_TO_32_BIT_CONVERSION = YES;
				GCC_WARN_ABOUT_RETURN_TYPE = YES_ERROR;
				GCC_WARN_UNDECLARED_SELECTOR = YES;
				GCC_WARN_UNINITIALIZED_AUTOS = YES_AGGRESSIVE;
				GCC_WARN_UNUSED_FUNCTION = YES;
				GCC_WARN_UNUSED_VARIABLE = YES;
				MTL_ENABLE_DEBUG_INFO = INCLUDE_SOURCE;
				MTL_FAST_MATH = YES;
				ONLY_ACTIVE_ARCH = YES;
				SWIFT_ACTIVE_COMPILATION_CONDITIONS = DEBUG;
				SWIFT_OPTIMIZATION_LEVEL = "-Onone";
			};
			name = Debug;
		};
		FACC06182871A3150088C2B4 /* Release */ = {
			isa = XCBuildConfiguration;
			buildSettings = {
				ALWAYS_SEARCH_USER_PATHS = NO;
				CLANG_ANALYZER_NONNULL = YES;
				CLANG_ANALYZER_NUMBER_OBJECT_CONVERSION = YES_AGGRESSIVE;
				CLANG_CXX_LANGUAGE_STANDARD = "gnu++17";
				CLANG_ENABLE_MODULES = YES;
				CLANG_ENABLE_OBJC_ARC = YES;
				CLANG_ENABLE_OBJC_WEAK = YES;
				CLANG_WARN_BLOCK_CAPTURE_AUTORELEASING = YES;
				CLANG_WARN_BOOL_CONVERSION = YES;
				CLANG_WARN_COMMA = YES;
				CLANG_WARN_CONSTANT_CONVERSION = YES;
				CLANG_WARN_DEPRECATED_OBJC_IMPLEMENTATIONS = YES;
				CLANG_WARN_DIRECT_OBJC_ISA_USAGE = YES_ERROR;
				CLANG_WARN_DOCUMENTATION_COMMENTS = YES;
				CLANG_WARN_EMPTY_BODY = YES;
				CLANG_WARN_ENUM_CONVERSION = YES;
				CLANG_WARN_INFINITE_RECURSION = YES;
				CLANG_WARN_INT_CONVERSION = YES;
				CLANG_WARN_NON_LITERAL_NULL_CONVERSION = YES;
				CLANG_WARN_OBJC_IMPLICIT_RETAIN_SELF = YES;
				CLANG_WARN_OBJC_LITERAL_CONVERSION = YES;
				CLANG_WARN_OBJC_ROOT_CLASS = YES_ERROR;
				CLANG_WARN_QUOTED_INCLUDE_IN_FRAMEWORK_HEADER = YES;
				CLANG_WARN_RANGE_LOOP_ANALYSIS = YES;
				CLANG_WARN_STRICT_PROTOTYPES = YES;
				CLANG_WARN_SUSPICIOUS_MOVE = YES;
				CLANG_WARN_UNGUARDED_AVAILABILITY = YES_AGGRESSIVE;
				CLANG_WARN_UNREACHABLE_CODE = YES;
				CLANG_WARN__DUPLICATE_METHOD_MATCH = YES;
				COPY_PHASE_STRIP = NO;
				DEBUG_INFORMATION_FORMAT = "dwarf-with-dsym";
				ENABLE_NS_ASSERTIONS = NO;
				ENABLE_STRICT_OBJC_MSGSEND = YES;
				GCC_C_LANGUAGE_STANDARD = gnu11;
				GCC_NO_COMMON_BLOCKS = YES;
				GCC_WARN_64_TO_32_BIT_CONVERSION = YES;
				GCC_WARN_ABOUT_RETURN_TYPE = YES_ERROR;
				GCC_WARN_UNDECLARED_SELECTOR = YES;
				GCC_WARN_UNINITIALIZED_AUTOS = YES_AGGRESSIVE;
				GCC_WARN_UNUSED_FUNCTION = YES;
				GCC_WARN_UNUSED_VARIABLE = YES;
				MTL_ENABLE_DEBUG_INFO = NO;
				MTL_FAST_MATH = YES;
				SWIFT_COMPILATION_MODE = wholemodule;
				SWIFT_OPTIMIZATION_LEVEL = "-O";
			};
			name = Release;
		};
		FACC061A2871A3150088C2B4 /* Debug */ = {
			isa = XCBuildConfiguration;
			buildSettings = {
				ASSETCATALOG_COMPILER_APPICON_NAME = AppIcon;
				ASSETCATALOG_COMPILER_GLOBAL_ACCENT_COLOR_NAME = AccentColor;
				CODE_SIGN_STYLE = Automatic;
				CURRENT_PROJECT_VERSION = 1;
				DEVELOPMENT_TEAM = 99G5W9P68N;
				ENABLE_PREVIEWS = YES;
				GENERATE_INFOPLIST_FILE = YES;
				INFOPLIST_KEY_UIApplicationSceneManifest_Generation = YES;
				INFOPLIST_KEY_UIApplicationSupportsIndirectInputEvents = YES;
				INFOPLIST_KEY_UILaunchScreen_Generation = YES;
				INFOPLIST_KEY_UISupportedInterfaceOrientations_iPad = "UIInterfaceOrientationPortrait UIInterfaceOrientationPortraitUpsideDown UIInterfaceOrientationLandscapeLeft UIInterfaceOrientationLandscapeRight";
				INFOPLIST_KEY_UISupportedInterfaceOrientations_iPhone = "UIInterfaceOrientationPortrait UIInterfaceOrientationLandscapeLeft UIInterfaceOrientationLandscapeRight";
				IPHONEOS_DEPLOYMENT_TARGET = 15.4;
				LD_RUNPATH_SEARCH_PATHS = (
					"$(inherited)",
					"@executable_path/Frameworks",
				);
				MARKETING_VERSION = 1.0;
				PRODUCT_BUNDLE_IDENTIFIER = com.muratozturk.MatchedGeometryEffect;
				PRODUCT_NAME = MatchedGeometryEffect;
				SDKROOT = iphoneos;
				SWIFT_EMIT_LOC_STRINGS = YES;
				SWIFT_VERSION = 5.0;
				TARGETED_DEVICE_FAMILY = "1,2";
			};
			name = Debug;
		};
		FACC061B2871A3150088C2B4 /* Release */ = {
			isa = XCBuildConfiguration;
			buildSettings = {
				ASSETCATALOG_COMPILER_APPICON_NAME = AppIcon;
				ASSETCATALOG_COMPILER_GLOBAL_ACCENT_COLOR_NAME = AccentColor;
				CODE_SIGN_STYLE = Automatic;
				CURRENT_PROJECT_VERSION = 1;
				DEVELOPMENT_TEAM = 99G5W9P68N;
				ENABLE_PREVIEWS = YES;
				GENERATE_INFOPLIST_FILE = YES;
				INFOPLIST_KEY_UIApplicationSceneManifest_Generation = YES;
				INFOPLIST_KEY_UIApplicationSupportsIndirectInputEvents = YES;
				INFOPLIST_KEY_UILaunchScreen_Generation = YES;
				INFOPLIST_KEY_UISupportedInterfaceOrientations_iPad = "UIInterfaceOrientationPortrait UIInterfaceOrientationPortraitUpsideDown UIInterfaceOrientationLandscapeLeft UIInterfaceOrientationLandscapeRight";
				INFOPLIST_KEY_UISupportedInterfaceOrientations_iPhone = "UIInterfaceOrientationPortrait UIInterfaceOrientationLandscapeLeft UIInterfaceOrientationLandscapeRight";
				IPHONEOS_DEPLOYMENT_TARGET = 15.4;
				LD_RUNPATH_SEARCH_PATHS = (
					"$(inherited)",
					"@executable_path/Frameworks",
				);
				MARKETING_VERSION = 1.0;
				PRODUCT_BUNDLE_IDENTIFIER = com.muratozturk.MatchedGeometryEffect;
				PRODUCT_NAME = MatchedGeometryEffect;
				SDKROOT = iphoneos;
				SWIFT_EMIT_LOC_STRINGS = YES;
				SWIFT_VERSION = 5.0;
				TARGETED_DEVICE_FAMILY = "1,2";
				VALIDATE_PRODUCT = YES;
			};
			name = Release;
		};
		FACC061D2871A3150088C2B4 /* Debug */ = {
			isa = XCBuildConfiguration;
			buildSettings = {
				ASSETCATALOG_COMPILER_APPICON_NAME = AppIcon;
				ASSETCATALOG_COMPILER_GLOBAL_ACCENT_COLOR_NAME = AccentColor;
				CODE_SIGN_ENTITLEMENTS = macOS/macOS.entitlements;
				CODE_SIGN_STYLE = Automatic;
				COMBINE_HIDPI_IMAGES = YES;
				CURRENT_PROJECT_VERSION = 1;
				DEVELOPMENT_TEAM = 99G5W9P68N;
				ENABLE_HARDENED_RUNTIME = YES;
				ENABLE_PREVIEWS = YES;
				GENERATE_INFOPLIST_FILE = YES;
				INFOPLIST_KEY_NSHumanReadableCopyright = "";
				LD_RUNPATH_SEARCH_PATHS = (
					"$(inherited)",
					"@executable_path/../Frameworks",
				);
				MACOSX_DEPLOYMENT_TARGET = 12.2;
				MARKETING_VERSION = 1.0;
				PRODUCT_BUNDLE_IDENTIFIER = com.muratozturk.MatchedGeometryEffect;
				PRODUCT_NAME = MatchedGeometryEffect;
				SDKROOT = macosx;
				SWIFT_EMIT_LOC_STRINGS = YES;
				SWIFT_VERSION = 5.0;
			};
			name = Debug;
		};
		FACC061E2871A3150088C2B4 /* Release */ = {
			isa = XCBuildConfiguration;
			buildSettings = {
				ASSETCATALOG_COMPILER_APPICON_NAME = AppIcon;
				ASSETCATALOG_COMPILER_GLOBAL_ACCENT_COLOR_NAME = AccentColor;
				CODE_SIGN_ENTITLEMENTS = macOS/macOS.entitlements;
				CODE_SIGN_STYLE = Automatic;
				COMBINE_HIDPI_IMAGES = YES;
				CURRENT_PROJECT_VERSION = 1;
				DEVELOPMENT_TEAM = 99G5W9P68N;
				ENABLE_HARDENED_RUNTIME = YES;
				ENABLE_PREVIEWS = YES;
				GENERATE_INFOPLIST_FILE = YES;
				INFOPLIST_KEY_NSHumanReadableCopyright = "";
				LD_RUNPATH_SEARCH_PATHS = (
					"$(inherited)",
					"@executable_path/../Frameworks",
				);
				MACOSX_DEPLOYMENT_TARGET = 12.2;
				MARKETING_VERSION = 1.0;
				PRODUCT_BUNDLE_IDENTIFIER = com.muratozturk.MatchedGeometryEffect;
				PRODUCT_NAME = MatchedGeometryEffect;
				SDKROOT = macosx;
				SWIFT_EMIT_LOC_STRINGS = YES;
				SWIFT_VERSION = 5.0;
			};
			name = Release;
		};
		FACC06202871A3150088C2B4 /* Debug */ = {
			isa = XCBuildConfiguration;
			buildSettings = {
				ALWAYS_EMBED_SWIFT_STANDARD_LIBRARIES = YES;
				CODE_SIGN_STYLE = Automatic;
				CURRENT_PROJECT_VERSION = 1;
				DEVELOPMENT_TEAM = 99G5W9P68N;
				GENERATE_INFOPLIST_FILE = YES;
				IPHONEOS_DEPLOYMENT_TARGET = 15.4;
				MARKETING_VERSION = 1.0;
				PRODUCT_BUNDLE_IDENTIFIER = "com.muratozturk.Tests-iOS";
				PRODUCT_NAME = "$(TARGET_NAME)";
				SDKROOT = iphoneos;
				SWIFT_EMIT_LOC_STRINGS = NO;
				SWIFT_VERSION = 5.0;
				TARGETED_DEVICE_FAMILY = "1,2";
				TEST_TARGET_NAME = "MatchedGeometryEffect (iOS)";
			};
			name = Debug;
		};
		FACC06212871A3150088C2B4 /* Release */ = {
			isa = XCBuildConfiguration;
			buildSettings = {
				ALWAYS_EMBED_SWIFT_STANDARD_LIBRARIES = YES;
				CODE_SIGN_STYLE = Automatic;
				CURRENT_PROJECT_VERSION = 1;
				DEVELOPMENT_TEAM = 99G5W9P68N;
				GENERATE_INFOPLIST_FILE = YES;
				IPHONEOS_DEPLOYMENT_TARGET = 15.4;
				MARKETING_VERSION = 1.0;
				PRODUCT_BUNDLE_IDENTIFIER = "com.muratozturk.Tests-iOS";
				PRODUCT_NAME = "$(TARGET_NAME)";
				SDKROOT = iphoneos;
				SWIFT_EMIT_LOC_STRINGS = NO;
				SWIFT_VERSION = 5.0;
				TARGETED_DEVICE_FAMILY = "1,2";
				TEST_TARGET_NAME = "MatchedGeometryEffect (iOS)";
				VALIDATE_PRODUCT = YES;
			};
			name = Release;
		};
		FACC06232871A3150088C2B4 /* Debug */ = {
			isa = XCBuildConfiguration;
			buildSettings = {
				ALWAYS_EMBED_SWIFT_STANDARD_LIBRARIES = YES;
				CODE_SIGN_STYLE = Automatic;
				CURRENT_PROJECT_VERSION = 1;
				DEVELOPMENT_TEAM = 99G5W9P68N;
				GENERATE_INFOPLIST_FILE = YES;
				MACOSX_DEPLOYMENT_TARGET = 12.2;
				MARKETING_VERSION = 1.0;
				PRODUCT_BUNDLE_IDENTIFIER = "com.muratozturk.Tests-macOS";
				PRODUCT_NAME = "$(TARGET_NAME)";
				SDKROOT = macosx;
				SWIFT_EMIT_LOC_STRINGS = NO;
				SWIFT_VERSION = 5.0;
				TEST_TARGET_NAME = "MatchedGeometryEffect (macOS)";
			};
			name = Debug;
		};
		FACC06242871A3150088C2B4 /* Release */ = {
			isa = XCBuildConfiguration;
			buildSettings = {
				ALWAYS_EMBED_SWIFT_STANDARD_LIBRARIES = YES;
				CODE_SIGN_STYLE = Automatic;
				CURRENT_PROJECT_VERSION = 1;
				DEVELOPMENT_TEAM = 99G5W9P68N;
				GENERATE_INFOPLIST_FILE = YES;
				MACOSX_DEPLOYMENT_TARGET = 12.2;
				MARKETING_VERSION = 1.0;
				PRODUCT_BUNDLE_IDENTIFIER = "com.muratozturk.Tests-macOS";
				PRODUCT_NAME = "$(TARGET_NAME)";
				SDKROOT = macosx;
				SWIFT_EMIT_LOC_STRINGS = NO;
				SWIFT_VERSION = 5.0;
				TEST_TARGET_NAME = "MatchedGeometryEffect (macOS)";
			};
			name = Release;
		};
/* End XCBuildConfiguration section */

/* Begin XCConfigurationList section */
		FACC05E72871A3100088C2B4 /* Build configuration list for PBXProject "MatchedGeometryEffect" */ = {
			isa = XCConfigurationList;
			buildConfigurations = (
				FACC06172871A3150088C2B4 /* Debug */,
				FACC06182871A3150088C2B4 /* Release */,
			);
			defaultConfigurationIsVisible = 0;
			defaultConfigurationName = Release;
		};
		FACC06192871A3150088C2B4 /* Build configuration list for PBXNativeTarget "MatchedGeometryEffect (iOS)" */ = {
			isa = XCConfigurationList;
			buildConfigurations = (
				FACC061A2871A3150088C2B4 /* Debug */,
				FACC061B2871A3150088C2B4 /* Release */,
			);
			defaultConfigurationIsVisible = 0;
			defaultConfigurationName = Release;
		};
		FACC061C2871A3150088C2B4 /* Build configuration list for PBXNativeTarget "MatchedGeometryEffect (macOS)" */ = {
			isa = XCConfigurationList;
			buildConfigurations = (
				FACC061D2871A3150088C2B4 /* Debug */,
				FACC061E2871A3150088C2B4 /* Release */,
			);
			defaultConfigurationIsVisible = 0;
			defaultConfigurationName = Release;
		};
		FACC061F2871A3150088C2B4 /* Build configuration list for PBXNativeTarget "Tests iOS" */ = {
			isa = XCConfigurationList;
			buildConfigurations = (
				FACC06202871A3150088C2B4 /* Debug */,
				FACC06212871A3150088C2B4 /* Release */,
			);
			defaultConfigurationIsVisible = 0;
			defaultConfigurationName = Release;
		};
		FACC06222871A3150088C2B4 /* Build configuration list for PBXNativeTarget "Tests macOS" */ = {
			isa = XCConfigurationList;
			buildConfigurations = (
				FACC06232871A3150088C2B4 /* Debug */,
				FACC06242871A3150088C2B4 /* Release */,
			);
			defaultConfigurationIsVisible = 0;
			defaultConfigurationName = Release;
		};
/* End XCConfigurationList section */
	};
	rootObject = FACC05E42871A3100088C2B4 /* Project object */;
}
